
Microsoft Visual Studio Solution File, Format Version 12.00
Project("{FAE04EC0-301F-11D3-BF4B-00C04F79EFBC}") = "Core", "Core\Core.csproj", "{CECD7B06-749B-4EB4-BA93-2E19B0DAFE29}"
EndProject
Project("{FAE04EC0-301F-11D3-BF4B-00C04F79EFBC}") = "Consumer", "Consumer\Consumer.csproj", "{5E384E43-ECEA-4861-AA05-D7F5594BFBDE}"
EndProject
Project("{FAE04EC0-301F-11D3-BF4B-00C04F79EFBC}") = "Producer", "Producer\Producer.csproj", "{E30E018D-C570-4EAE-9483-F5510F0EA5CF}"
EndProject
Project("{FAE04EC0-301F-11D3-BF4B-00C04F79EFBC}") = "Messages", "Messages\Messages.csproj", "{810BFA9D-E2CA-488C-9AF6-912F4AA75925}"
EndProject
Project("{FAE04EC0-301F-11D3-BF4B-00C04F79EFBC}") = "Benchmarks", "Benchmarks\Benchmarks.csproj", "{D3A5CED2-903A-400C-B653-8C06DC03E2E8}"
EndProject
Project("{2150E333-8FDC-42A3-9474-1A3956D46DE8}") = "src", "src", "{3CD1A3D9-E417-4C97-A6E4-A0A506CE70D9}"
EndProject
Project("{2150E333-8FDC-42A3-9474-1A3956D46DE8}") = "tests", "tests", "{B040D5F9-0F9F-4035-B654-625EC7C6D4A5}"
EndProject
Project("{FAE04EC0-301F-11D3-BF4B-00C04F79EFBC}") = "IntegrationTests", "IntegrationTests\IntegrationTests.csproj", "{7F993DA2-0ABF-4687-97DE-2B46164137D8}"
EndProject
Project("{FAE04EC0-301F-11D3-BF4B-00C04F79EFBC}") = "UnitTests", "UnitTests\UnitTests.csproj", "{4ACDFA48-826C-4138-8EB6-F55C516C91AB}"
EndProject
Project("{2150E333-8FDC-42A3-9474-1A3956D46DE8}") = "docs", "docs", "{F89E4184-B19E-4868-A95C-96BA846E7237}"
ProjectSection(SolutionItems) = preProject
	..\README.md = ..\README.md
EndProjectSection
EndProject
Global
	GlobalSection(SolutionConfigurationPlatforms) = preSolution
		Debug|Any CPU = Debug|Any CPU
		Release|Any CPU = Release|Any CPU
	EndGlobalSection
	GlobalSection(ProjectConfigurationPlatforms) = postSolution
		{CECD7B06-749B-4EB4-BA93-2E19B0DAFE29}.Debug|Any CPU.ActiveCfg = Debug|Any CPU
		{CECD7B06-749B-4EB4-BA93-2E19B0DAFE29}.Debug|Any CPU.Build.0 = Debug|Any CPU
		{CECD7B06-749B-4EB4-BA93-2E19B0DAFE29}.Release|Any CPU.ActiveCfg = Release|Any CPU
		{CECD7B06-749B-4EB4-BA93-2E19B0DAFE29}.Release|Any CPU.Build.0 = Release|Any CPU
		{5E384E43-ECEA-4861-AA05-D7F5594BFBDE}.Debug|Any CPU.ActiveCfg = Debug|Any CPU
		{5E384E43-ECEA-4861-AA05-D7F5594BFBDE}.Debug|Any CPU.Build.0 = Debug|Any CPU
		{5E384E43-ECEA-4861-AA05-D7F5594BFBDE}.Release|Any CPU.ActiveCfg = Release|Any CPU
		{5E384E43-ECEA-4861-AA05-D7F5594BFBDE}.Release|Any CPU.Build.0 = Release|Any CPU
		{E30E018D-C570-4EAE-9483-F5510F0EA5CF}.Debug|Any CPU.ActiveCfg = Debug|Any CPU
		{E30E018D-C570-4EAE-9483-F5510F0EA5CF}.Debug|Any CPU.Build.0 = Debug|Any CPU
		{E30E018D-C570-4EAE-9483-F5510F0EA5CF}.Release|Any CPU.ActiveCfg = Release|Any CPU
		{E30E018D-C570-4EAE-9483-F5510F0EA5CF}.Release|Any CPU.Build.0 = Release|Any CPU
		{810BFA9D-E2CA-488C-9AF6-912F4AA75925}.Debug|Any CPU.ActiveCfg = Debug|Any CPU
		{810BFA9D-E2CA-488C-9AF6-912F4AA75925}.Debug|Any CPU.Build.0 = Debug|Any CPU
		{810BFA9D-E2CA-488C-9AF6-912F4AA75925}.Release|Any CPU.ActiveCfg = Release|Any CPU
		{810BFA9D-E2CA-488C-9AF6-912F4AA75925}.Release|Any CPU.Build.0 = Release|Any CPU
		{D3A5CED2-903A-400C-B653-8C06DC03E2E8}.Debug|Any CPU.ActiveCfg = Debug|Any CPU
		{D3A5CED2-903A-400C-B653-8C06DC03E2E8}.Debug|Any CPU.Build.0 = Debug|Any CPU
		{D3A5CED2-903A-400C-B653-8C06DC03E2E8}.Release|Any CPU.ActiveCfg = Release|Any CPU
		{D3A5CED2-903A-400C-B653-8C06DC03E2E8}.Release|Any CPU.Build.0 = Release|Any CPU
		{7F993DA2-0ABF-4687-97DE-2B46164137D8}.Debug|Any CPU.ActiveCfg = Debug|Any CPU
		{7F993DA2-0ABF-4687-97DE-2B46164137D8}.Debug|Any CPU.Build.0 = Debug|Any CPU
		{7F993DA2-0ABF-4687-97DE-2B46164137D8}.Release|Any CPU.ActiveCfg = Release|Any CPU
		{7F993DA2-0ABF-4687-97DE-2B46164137D8}.Release|Any CPU.Build.0 = Release|Any CPU
		{4ACDFA48-826C-4138-8EB6-F55C516C91AB}.Debug|Any CPU.ActiveCfg = Debug|Any CPU
		{4ACDFA48-826C-4138-8EB6-F55C516C91AB}.Debug|Any CPU.Build.0 = Debug|Any CPU
		{4ACDFA48-826C-4138-8EB6-F55C516C91AB}.Release|Any CPU.ActiveCfg = Release|Any CPU
		{4ACDFA48-826C-4138-8EB6-F55C516C91AB}.Release|Any CPU.Build.0 = Release|Any CPU
	EndGlobalSection
	GlobalSection(NestedProjects) = preSolution
		{5E384E43-ECEA-4861-AA05-D7F5594BFBDE} = {3CD1A3D9-E417-4C97-A6E4-A0A506CE70D9}
		{CECD7B06-749B-4EB4-BA93-2E19B0DAFE29} = {3CD1A3D9-E417-4C97-A6E4-A0A506CE70D9}
		{810BFA9D-E2CA-488C-9AF6-912F4AA75925} = {3CD1A3D9-E417-4C97-A6E4-A0A506CE70D9}
		{E30E018D-C570-4EAE-9483-F5510F0EA5CF} = {3CD1A3D9-E417-4C97-A6E4-A0A506CE70D9}
		{D3A5CED2-903A-400C-B653-8C06DC03E2E8} = {B040D5F9-0F9F-4035-B654-625EC7C6D4A5}
		{7F993DA2-0ABF-4687-97DE-2B46164137D8} = {B040D5F9-0F9F-4035-B654-625EC7C6D4A5}
		{4ACDFA48-826C-4138-8EB6-F55C516C91AB} = {B040D5F9-0F9F-4035-B654-625EC7C6D4A5}
	EndGlobalSection
EndGlobal
